
Microsoft Visual Studio Solution File, Format Version 12.00
# Visual Studio Version 17
VisualStudioVersion = 17.11.35327.3
MinimumVisualStudioVersion = 10.0.40219.1
Project("{8BC9CEB8-8B4A-11D0-8D11-00A0C91BC942}") = "02-A Simple First Program", "02-A Simple First Program\02-A Simple First Program.vcxproj", "{DEE4E94C-525A-4581-A804-50BE97060DB7}"
EndProject
Project("{8BC9CEB8-8B4A-11D0-8D11-00A0C91BC942}") = "05-Printing to the Screen", "05-Printing to the Screen\05-Printing to the Screen.vcxproj", "{E5384A09-FD6F-438C-85D2-4A8961CB18C4}"
EndProject
Project("{8BC9CEB8-8B4A-11D0-8D11-00A0C91BC942}") = "06-Variables and Simple Types", "06-Variables and Simple Types\06-Variables and Simple Types.vcxproj", "{4CD4BD19-9207-4DA0-986F-EB5043C2DC94}"
EndProject
Global
	GlobalSection(SolutionConfigurationPlatforms) = preSolution
		Debug|x64 = Debug|x64
		Debug|x86 = Debug|x86
		Release|x64 = Release|x64
		Release|x86 = Release|x86
	EndGlobalSection
	GlobalSection(ProjectConfigurationPlatforms) = postSolution
		{DEE4E94C-525A-4581-A804-50BE97060DB7}.Debug|x64.ActiveCfg = Debug|x64
		{DEE4E94C-525A-4581-A804-50BE97060DB7}.Debug|x64.Build.0 = Debug|x64
		{DEE4E94C-525A-4581-A804-50BE97060DB7}.Debug|x86.ActiveCfg = Debug|Win32
		{DEE4E94C-525A-4581-A804-50BE97060DB7}.Debug|x86.Build.0 = Debug|Win32
		{DEE4E94C-525A-4581-A804-50BE97060DB7}.Release|x64.ActiveCfg = Release|x64
		{DEE4E94C-525A-4581-A804-50BE97060DB7}.Release|x64.Build.0 = Release|x64
		{DEE4E94C-525A-4581-A804-50BE97060DB7}.Release|x86.ActiveCfg = Release|Win32
		{DEE4E94C-525A-4581-A804-50BE97060DB7}.Release|x86.Build.0 = Release|Win32
		{E5384A09-FD6F-438C-85D2-4A8961CB18C4}.Debug|x64.ActiveCfg = Debug|x64
		{E5384A09-FD6F-438C-85D2-4A8961CB18C4}.Debug|x64.Build.0 = Debug|x64
		{E5384A09-FD6F-438C-85D2-4A8961CB18C4}.Debug|x86.ActiveCfg = Debug|Win32
		{E5384A09-FD6F-438C-85D2-4A8961CB18C4}.Debug|x86.Build.0 = Debug|Win32
		{E5384A09-FD6F-438C-85D2-4A8961CB18C4}.Release|x64.ActiveCfg = Release|x64
		{E5384A09-FD6F-438C-85D2-4A8961CB18C4}.Release|x64.Build.0 = Release|x64
		{E5384A09-FD6F-438C-85D2-4A8961CB18C4}.Release|x86.ActiveCfg = Release|Win32
		{E5384A09-FD6F-438C-85D2-4A8961CB18C4}.Release|x86.Build.0 = Release|Win32
		{4CD4BD19-9207-4DA0-986F-EB5043C2DC94}.Debug|x64.ActiveCfg = Debug|x64
		{4CD4BD19-9207-4DA0-986F-EB5043C2DC94}.Debug|x64.Build.0 = Debug|x64
		{4CD4BD19-9207-4DA0-986F-EB5043C2DC94}.Debug|x86.ActiveCfg = Debug|Win32
		{4CD4BD19-9207-4DA0-986F-EB5043C2DC94}.Debug|x86.Build.0 = Debug|Win32
		{4CD4BD19-9207-4DA0-986F-EB5043C2DC94}.Release|x64.ActiveCfg = Release|x64
		{4CD4BD19-9207-4DA0-986F-EB5043C2DC94}.Release|x64.Build.0 = Release|x64
		{4CD4BD19-9207-4DA0-986F-EB5043C2DC94}.Release|x86.ActiveCfg = Release|Win32
		{4CD4BD19-9207-4DA0-986F-EB5043C2DC94}.Release|x86.Build.0 = Release|Win32
	EndGlobalSection
	GlobalSection(SolutionProperties) = preSolution
		HideSolutionNode = FALSE
	EndGlobalSection
	GlobalSection(ExtensibilityGlobals) = postSolution
		SolutionGuid = {8CED6001-810C-4DC2-8ED5-4C93991437CF}
	EndGlobalSection
EndGlobal
